
Microsoft Visual Studio Solution File, Format Version 12.00
# Visual Studio Version 17
VisualStudioVersion = 17.5.002.0
MinimumVisualStudioVersion = 10.0.40219.1
Project("{9A19103F-16F7-4668-BE54-9A1E7A4F7556}") = "exercicio_06", "exercicio_06.csproj", "{5F18B0C0-6E42-4F96-923D-93027493CCAC}"
EndProject
Global
	GlobalSection(SolutionConfigurationPlatforms) = preSolution
		Debug|Any CPU = Debug|Any CPU
		Release|Any CPU = Release|Any CPU
	EndGlobalSection
	GlobalSection(ProjectConfigurationPlatforms) = postSolution
		{5F18B0C0-6E42-4F96-923D-93027493CCAC}.Debug|Any CPU.ActiveCfg = Debug|Any CPU
		{5F18B0C0-6E42-4F96-923D-93027493CCAC}.Debug|Any CPU.Build.0 = Debug|Any CPU
		{5F18B0C0-6E42-4F96-923D-93027493CCAC}.Release|Any CPU.ActiveCfg = Release|Any CPU
		{5F18B0C0-6E42-4F96-923D-93027493CCAC}.Release|Any CPU.Build.0 = Release|Any CPU
	EndGlobalSection
	GlobalSection(SolutionProperties) = preSolution
		HideSolutionNode = FALSE
	EndGlobalSection
	GlobalSection(ExtensibilityGlobals) = postSolution
		SolutionGuid = {6C9790EB-F3D8-45B1-AC7C-DC91FC40F0E5}
	EndGlobalSection
EndGlobal
