
Microsoft Visual Studio Solution File, Format Version 12.00
# Visual Studio Version 17
VisualStudioVersion = 17.5.002.0
MinimumVisualStudioVersion = 10.0.40219.1
Project("{9A19103F-16F7-4668-BE54-9A1E7A4F7556}") = "exercicio_09", "exercicio_09.csproj", "{1C6E399D-C23D-46E0-923A-EBC8A342A2BE}"
EndProject
Global
	GlobalSection(SolutionConfigurationPlatforms) = preSolution
		Debug|Any CPU = Debug|Any CPU
		Release|Any CPU = Release|Any CPU
	EndGlobalSection
	GlobalSection(ProjectConfigurationPlatforms) = postSolution
		{1C6E399D-C23D-46E0-923A-EBC8A342A2BE}.Debug|Any CPU.ActiveCfg = Debug|Any CPU
		{1C6E399D-C23D-46E0-923A-EBC8A342A2BE}.Debug|Any CPU.Build.0 = Debug|Any CPU
		{1C6E399D-C23D-46E0-923A-EBC8A342A2BE}.Release|Any CPU.ActiveCfg = Release|Any CPU
		{1C6E399D-C23D-46E0-923A-EBC8A342A2BE}.Release|Any CPU.Build.0 = Release|Any CPU
	EndGlobalSection
	GlobalSection(SolutionProperties) = preSolution
		HideSolutionNode = FALSE
	EndGlobalSection
	GlobalSection(ExtensibilityGlobals) = postSolution
		SolutionGuid = {7815B692-5ED6-437B-BC16-7DD6B967756F}
	EndGlobalSection
EndGlobal
